
Microsoft Visual Studio Solution File, Format Version 12.00
# Visual Studio Version 17
VisualStudioVersion = 17.4.33403.182
MinimumVisualStudioVersion = 10.0.40219.1
Project("{FAE04EC0-301F-11D3-BF4B-00C04F79EFBC}") = "WebShop", "WebShop\WebShop.csproj", "{4DD8A786-4FFC-4226-B8AB-F419FE59BAEE}"
EndProject
Global
	GlobalSection(SolutionConfigurationPlatforms) = preSolution
		Debug|Any CPU = Debug|Any CPU
		Release|Any CPU = Release|Any CPU
	EndGlobalSection
	GlobalSection(ProjectConfigurationPlatforms) = postSolution
		{4DD8A786-4FFC-4226-B8AB-F419FE59BAEE}.Debug|Any CPU.ActiveCfg = Debug|Any CPU
		{4DD8A786-4FFC-4226-B8AB-F419FE59BAEE}.Debug|Any CPU.Build.0 = Debug|Any CPU
		{4DD8A786-4FFC-4226-B8AB-F419FE59BAEE}.Release|Any CPU.ActiveCfg = Release|Any CPU
		{4DD8A786-4FFC-4226-B8AB-F419FE59BAEE}.Release|Any CPU.Build.0 = Release|Any CPU
	EndGlobalSection
	GlobalSection(SolutionProperties) = preSolution
		HideSolutionNode = FALSE
	EndGlobalSection
	GlobalSection(ExtensibilityGlobals) = postSolution
		SolutionGuid = {E171D06B-6DFF-4CED-99A2-24936321F1E3}
	EndGlobalSection
EndGlobal
